{
  "name": "justanothergptwrapper",
  "lockfileVersion": 3,
  "requires": true,
  "packages": {
    "": {
      "dependencies": {
        "@types/mermaid": "^9.1.0"
      }
    },
    "node_modules/@types/mermaid": {
      "version": "9.1.0",
      "resolved": "https://registry.npmjs.org/@types/mermaid/-/mermaid-9.1.0.tgz",
      "integrity": "sha512-rc8QqhveKAY7PouzY/p8ljS+eBSNCv7o79L97RSub/Ic2SQ34ph1Ng3s8wFLWVjvaEt6RLOWtSCsgYWd95NY8A==",
      "license": "MIT"
    }
  }
}
